
Microsoft Visual Studio Solution File, Format Version 11.00
# Visual Studio Version 17

Project("{8BC9CEB8-8B4A-11D0-8D11-00A0C91BC942}") = "FaderRider - Standalone Plugin", "FaderRider_StandalonePlugin.vcxproj", "{30071AD2-6687-4246-8D92-16A3BC029532}"
	ProjectSection(ProjectDependencies) = postProject
		{EB2CC093-0FF1-79E6-F639-7D9FB51EEFD8} = {EB2CC093-0FF1-79E6-F639-7D9FB51EEFD8}
	EndProjectSection
EndProject
Project("{8BC9CEB8-8B4A-11D0-8D11-00A0C91BC942}") = "FaderRider - VST3", "FaderRider_VST3.vcxproj", "{4C269CBC-D5E2-3DB7-7997-B5380BF9295B}"
	ProjectSection(ProjectDependencies) = postProject
		{EB2CC093-0FF1-79E6-F639-7D9FB51EEFD8} = {EB2CC093-0FF1-79E6-F639-7D9FB51EEFD8}
	EndProjectSection
EndProject
Project("{8BC9CEB8-8B4A-11D0-8D11-00A0C91BC942}") = "FaderRider - Shared Code", "FaderRider_SharedCode.vcxproj", "{EB2CC093-0FF1-79E6-F639-7D9FB51EEFD8}"
EndProject
Global
	GlobalSection(SolutionConfigurationPlatforms) = preSolution
		Debug|x64 = Debug|x64
		Release|x64 = Release|x64
	EndGlobalSection
	GlobalSection(ProjectConfigurationPlatforms) = postSolution
		{4C269CBC-D5E2-3DB7-7997-B5380BF9295B}.Debug|x64.ActiveCfg = Debug|x64
		{4C269CBC-D5E2-3DB7-7997-B5380BF9295B}.Debug|x64.Build.0 = Debug|x64
		{4C269CBC-D5E2-3DB7-7997-B5380BF9295B}.Release|x64.ActiveCfg = Release|x64
		{4C269CBC-D5E2-3DB7-7997-B5380BF9295B}.Release|x64.Build.0 = Release|x64
		{30071AD2-6687-4246-8D92-16A3BC029532}.Debug|x64.ActiveCfg = Debug|x64
		{30071AD2-6687-4246-8D92-16A3BC029532}.Debug|x64.Build.0 = Debug|x64
		{30071AD2-6687-4246-8D92-16A3BC029532}.Release|x64.ActiveCfg = Release|x64
		{30071AD2-6687-4246-8D92-16A3BC029532}.Release|x64.Build.0 = Release|x64
		{EB2CC093-0FF1-79E6-F639-7D9FB51EEFD8}.Debug|x64.ActiveCfg = Debug|x64
		{EB2CC093-0FF1-79E6-F639-7D9FB51EEFD8}.Debug|x64.Build.0 = Debug|x64
		{EB2CC093-0FF1-79E6-F639-7D9FB51EEFD8}.Release|x64.ActiveCfg = Release|x64
		{EB2CC093-0FF1-79E6-F639-7D9FB51EEFD8}.Release|x64.Build.0 = Release|x64
	EndGlobalSection
	GlobalSection(SolutionProperties) = preSolution
		HideSolutionNode = FALSE
	EndGlobalSection
EndGlobal
